
Microsoft Visual Studio Solution File, Format Version 12.00
# Visual Studio Version 16
VisualStudioVersion = 16.0.810.11
MinimumVisualStudioVersion = 10.0.40219.1
Project("{FAE04EC0-301F-11D3-BF4B-00C04F79EFBC}") = "HelloWorld", "HelloWorld.csproj", "{F3BE010C-9730-4A89-AAA1-6F1991083FAC}"
EndProject
Global
	GlobalSection(SolutionConfigurationPlatforms) = preSolution
		Debug|Any CPU = Debug|Any CPU
		Release|Any CPU = Release|Any CPU
	EndGlobalSection
	GlobalSection(ProjectConfigurationPlatforms) = postSolution
		{F3BE010C-9730-4A89-AAA1-6F1991083FAC}.Debug|Any CPU.ActiveCfg = Debug|Any CPU
		{F3BE010C-9730-4A89-AAA1-6F1991083FAC}.Debug|Any CPU.Build.0 = Debug|Any CPU
		{F3BE010C-9730-4A89-AAA1-6F1991083FAC}.Release|Any CPU.ActiveCfg = Release|Any CPU
		{F3BE010C-9730-4A89-AAA1-6F1991083FAC}.Release|Any CPU.Build.0 = Release|Any CPU
	EndGlobalSection
	GlobalSection(SolutionProperties) = preSolution
		HideSolutionNode = FALSE
	EndGlobalSection
	GlobalSection(ExtensibilityGlobals) = postSolution
		SolutionGuid = {FE06E049-8661-4FF5-8913-37086560872A}
	EndGlobalSection
EndGlobal
